{
  "originHash" : "9cbc994bfef402229bbeb50ac2326b9e048a06316c2081ebdc522a0e1e8381fe",
  "pins" : [
    {
      "identity" : "flatbuffers",
      "kind" : "remoteSourceControl",
      "location" : "https://github.com/google/flatbuffers",
      "state" : {
        "revision" : "595bf0007ab1929570c7671f091313c8fc20644e",
        "version" : "24.3.25"
      }
    }
  ],
  "version" : 3
}
